
Microsoft Visual Studio Solution File, Format Version 12.00
# Visual Studio 2012
Project("{FAE04EC0-301F-11D3-BF4B-00C04F79EFBC}") = "MainApp", "MainApp\MainApp.csproj", "{E98ABFEF-9E22-40C4-8684-5ABF04555C76}"
EndProject
Project("{FAE04EC0-301F-11D3-BF4B-00C04F79EFBC}") = "BundleA", "BundleA\BundleA.csproj", "{7ADDA571-440C-4ECD-B07B-BC70355B410B}"
EndProject
Global
	GlobalSection(SolutionConfigurationPlatforms) = preSolution
		Debug|Any CPU = Debug|Any CPU
		Release|Any CPU = Release|Any CPU
	EndGlobalSection
	GlobalSection(ProjectConfigurationPlatforms) = postSolution
		{E98ABFEF-9E22-40C4-8684-5ABF04555C76}.Debug|Any CPU.ActiveCfg = Debug|Any CPU
		{E98ABFEF-9E22-40C4-8684-5ABF04555C76}.Debug|Any CPU.Build.0 = Debug|Any CPU
		{E98ABFEF-9E22-40C4-8684-5ABF04555C76}.Release|Any CPU.ActiveCfg = Release|Any CPU
		{E98ABFEF-9E22-40C4-8684-5ABF04555C76}.Release|Any CPU.Build.0 = Release|Any CPU
		{7ADDA571-440C-4ECD-B07B-BC70355B410B}.Debug|Any CPU.ActiveCfg = Debug|Any CPU
		{7ADDA571-440C-4ECD-B07B-BC70355B410B}.Debug|Any CPU.Build.0 = Debug|Any CPU
		{7ADDA571-440C-4ECD-B07B-BC70355B410B}.Release|Any CPU.ActiveCfg = Release|Any CPU
		{7ADDA571-440C-4ECD-B07B-BC70355B410B}.Release|Any CPU.Build.0 = Release|Any CPU
	EndGlobalSection
	GlobalSection(SolutionProperties) = preSolution
		HideSolutionNode = FALSE
	EndGlobalSection
EndGlobal
