
Microsoft Visual Studio Solution File, Format Version 12.00
# Visual Studio 2013
VisualStudioVersion = 12.0.31101.0
MinimumVisualStudioVersion = 10.0.40219.1
Project("{FAE04EC0-301F-11D3-BF4B-00C04F79EFBC}") = "OSGi.NET", "OSGi.NET\OSGi.NET.csproj", "{DDE9E40C-E908-4AA5-850F-9790E8F5FC50}"
EndProject
Project("{FAE04EC0-301F-11D3-BF4B-00C04F79EFBC}") = "OSGi.NET.TEST", "OSGi.NET.TEST\OSGi.NET.TEST.csproj", "{CF2300ED-573F-41A5-92AD-1A553CB08D5B}"
EndProject
Project("{FAE04EC0-301F-11D3-BF4B-00C04F79EFBC}") = "OSGi.NET.ConsoleSample", "OSGi.NET.ConsoleSample\OSGi.NET.ConsoleSample.csproj", "{D769E828-2856-4490-84A1-4C9C62F87346}"
EndProject
Project("{2150E333-8FDC-42A3-9474-1A3956D46DE8}") = "Sample", "Sample", "{C9431956-04D1-4167-B292-4BDB7341B2DD}"
EndProject
Project("{2150E333-8FDC-42A3-9474-1A3956D46DE8}") = "Framework", "Framework", "{AC511D6F-0840-4CD3-9742-A59D1D96A58E}"
EndProject
Project("{2150E333-8FDC-42A3-9474-1A3956D46DE8}") = "Console", "Console", "{0131B581-7305-4210-B191-E8BECA510E0E}"
EndProject
Project("{FAE04EC0-301F-11D3-BF4B-00C04F79EFBC}") = "BundleDemoA", "Sample\Console\BundleDemoA\BundleDemoA.csproj", "{7ED12363-60FF-4F95-82C2-460FFCFBF941}"
EndProject
Project("{FAE04EC0-301F-11D3-BF4B-00C04F79EFBC}") = "BundleDemoB", "Sample\Console\BundleDemoB\BundleDemoB.csproj", "{5388E171-5570-4DE6-823C-936567BDC838}"
EndProject
Project("{FAE04EC0-301F-11D3-BF4B-00C04F79EFBC}") = "ConsoleDemo", "Sample\Console\ConsoleDemo\ConsoleDemo.csproj", "{3C3469E6-22B1-44DC-B711-CBE07648BD47}"
EndProject
Project("{FAE04EC0-301F-11D3-BF4B-00C04F79EFBC}") = "ServiceContract", "Sample\Console\ServiceContract\ServiceContract.csproj", "{7015A730-E4E4-413C-BB3A-B18C971B6800}"
EndProject
Project("{FAE04EC0-301F-11D3-BF4B-00C04F79EFBC}") = "ReferenceLibrary", "Sample\Console\ReferenceLibrary\ReferenceLibrary.csproj", "{0FAFA3F5-ECAA-4DC2-ADB5-3756D0094215}"
EndProject
Project("{2150E333-8FDC-42A3-9474-1A3956D46DE8}") = "Tool", "Tool", "{19C75D7A-EABD-481B-AD19-C8E76A25A017}"
EndProject
Project("{FAE04EC0-301F-11D3-BF4B-00C04F79EFBC}") = "OsgiDllTool", "Tool\OsgiDllTool\Code\OsgiDllTool\OsgiDllTool.csproj", "{F3CF2736-CA4E-4947-9524-401E216916D6}"
EndProject
Project("{FAE04EC0-301F-11D3-BF4B-00C04F79EFBC}") = "OSGiClientManager", "Tool\OSGiClientManager\OSGiClientManager.csproj", "{62C6F88E-5427-4BE0-B9C6-E16C14CC6C3A}"
EndProject
Project("{FAE04EC0-301F-11D3-BF4B-00C04F79EFBC}") = "OSGiClientConnector", "Tool\OSGiClientConnector\OSGiClientConnector.csproj", "{13D6D757-B6B5-4EBB-9576-935F1EF19090}"
EndProject
Project("{2150E333-8FDC-42A3-9474-1A3956D46DE8}") = "ClientMonitor", "ClientMonitor", "{DF30724C-2B08-433E-BD7E-B58727A54ED9}"
EndProject
Project("{2150E333-8FDC-42A3-9474-1A3956D46DE8}") = "DevelopTool", "DevelopTool", "{508D3C0E-6026-47A8-89F2-7F5FFACE8FD0}"
EndProject
Project("{FAE04EC0-301F-11D3-BF4B-00C04F79EFBC}") = "OSGiClientAgent", "Tool\OSGiClientAgent\OSGiClientAgent.csproj", "{6D833146-AD02-4992-A8DE-9F7AB4B29D4E}"
EndProject
Global
	GlobalSection(SolutionConfigurationPlatforms) = preSolution
		Debug|Any CPU = Debug|Any CPU
		Release|Any CPU = Release|Any CPU
	EndGlobalSection
	GlobalSection(ProjectConfigurationPlatforms) = postSolution
		{DDE9E40C-E908-4AA5-850F-9790E8F5FC50}.Debug|Any CPU.ActiveCfg = Debug|Any CPU
		{DDE9E40C-E908-4AA5-850F-9790E8F5FC50}.Debug|Any CPU.Build.0 = Debug|Any CPU
		{DDE9E40C-E908-4AA5-850F-9790E8F5FC50}.Release|Any CPU.ActiveCfg = Release|Any CPU
		{DDE9E40C-E908-4AA5-850F-9790E8F5FC50}.Release|Any CPU.Build.0 = Release|Any CPU
		{CF2300ED-573F-41A5-92AD-1A553CB08D5B}.Debug|Any CPU.ActiveCfg = Debug|Any CPU
		{CF2300ED-573F-41A5-92AD-1A553CB08D5B}.Debug|Any CPU.Build.0 = Debug|Any CPU
		{CF2300ED-573F-41A5-92AD-1A553CB08D5B}.Release|Any CPU.ActiveCfg = Release|Any CPU
		{CF2300ED-573F-41A5-92AD-1A553CB08D5B}.Release|Any CPU.Build.0 = Release|Any CPU
		{D769E828-2856-4490-84A1-4C9C62F87346}.Debug|Any CPU.ActiveCfg = Debug|Any CPU
		{D769E828-2856-4490-84A1-4C9C62F87346}.Debug|Any CPU.Build.0 = Debug|Any CPU
		{D769E828-2856-4490-84A1-4C9C62F87346}.Release|Any CPU.ActiveCfg = Release|Any CPU
		{D769E828-2856-4490-84A1-4C9C62F87346}.Release|Any CPU.Build.0 = Release|Any CPU
		{7ED12363-60FF-4F95-82C2-460FFCFBF941}.Debug|Any CPU.ActiveCfg = Debug|Any CPU
		{7ED12363-60FF-4F95-82C2-460FFCFBF941}.Debug|Any CPU.Build.0 = Debug|Any CPU
		{7ED12363-60FF-4F95-82C2-460FFCFBF941}.Release|Any CPU.ActiveCfg = Release|Any CPU
		{7ED12363-60FF-4F95-82C2-460FFCFBF941}.Release|Any CPU.Build.0 = Release|Any CPU
		{5388E171-5570-4DE6-823C-936567BDC838}.Debug|Any CPU.ActiveCfg = Debug|Any CPU
		{5388E171-5570-4DE6-823C-936567BDC838}.Debug|Any CPU.Build.0 = Debug|Any CPU
		{5388E171-5570-4DE6-823C-936567BDC838}.Release|Any CPU.ActiveCfg = Release|Any CPU
		{5388E171-5570-4DE6-823C-936567BDC838}.Release|Any CPU.Build.0 = Release|Any CPU
		{3C3469E6-22B1-44DC-B711-CBE07648BD47}.Debug|Any CPU.ActiveCfg = Debug|Any CPU
		{3C3469E6-22B1-44DC-B711-CBE07648BD47}.Debug|Any CPU.Build.0 = Debug|Any CPU
		{3C3469E6-22B1-44DC-B711-CBE07648BD47}.Release|Any CPU.ActiveCfg = Release|Any CPU
		{3C3469E6-22B1-44DC-B711-CBE07648BD47}.Release|Any CPU.Build.0 = Release|Any CPU
		{7015A730-E4E4-413C-BB3A-B18C971B6800}.Debug|Any CPU.ActiveCfg = Debug|Any CPU
		{7015A730-E4E4-413C-BB3A-B18C971B6800}.Debug|Any CPU.Build.0 = Debug|Any CPU
		{7015A730-E4E4-413C-BB3A-B18C971B6800}.Release|Any CPU.ActiveCfg = Release|Any CPU
		{7015A730-E4E4-413C-BB3A-B18C971B6800}.Release|Any CPU.Build.0 = Release|Any CPU
		{0FAFA3F5-ECAA-4DC2-ADB5-3756D0094215}.Debug|Any CPU.ActiveCfg = Debug|Any CPU
		{0FAFA3F5-ECAA-4DC2-ADB5-3756D0094215}.Debug|Any CPU.Build.0 = Debug|Any CPU
		{0FAFA3F5-ECAA-4DC2-ADB5-3756D0094215}.Release|Any CPU.ActiveCfg = Release|Any CPU
		{0FAFA3F5-ECAA-4DC2-ADB5-3756D0094215}.Release|Any CPU.Build.0 = Release|Any CPU
		{F3CF2736-CA4E-4947-9524-401E216916D6}.Debug|Any CPU.ActiveCfg = Debug|Any CPU
		{F3CF2736-CA4E-4947-9524-401E216916D6}.Debug|Any CPU.Build.0 = Debug|Any CPU
		{F3CF2736-CA4E-4947-9524-401E216916D6}.Release|Any CPU.ActiveCfg = Release|Any CPU
		{F3CF2736-CA4E-4947-9524-401E216916D6}.Release|Any CPU.Build.0 = Release|Any CPU
		{62C6F88E-5427-4BE0-B9C6-E16C14CC6C3A}.Debug|Any CPU.ActiveCfg = Debug|Any CPU
		{62C6F88E-5427-4BE0-B9C6-E16C14CC6C3A}.Debug|Any CPU.Build.0 = Debug|Any CPU
		{62C6F88E-5427-4BE0-B9C6-E16C14CC6C3A}.Release|Any CPU.ActiveCfg = Release|Any CPU
		{62C6F88E-5427-4BE0-B9C6-E16C14CC6C3A}.Release|Any CPU.Build.0 = Release|Any CPU
		{13D6D757-B6B5-4EBB-9576-935F1EF19090}.Debug|Any CPU.ActiveCfg = Debug|Any CPU
		{13D6D757-B6B5-4EBB-9576-935F1EF19090}.Debug|Any CPU.Build.0 = Debug|Any CPU
		{13D6D757-B6B5-4EBB-9576-935F1EF19090}.Release|Any CPU.ActiveCfg = Release|Any CPU
		{13D6D757-B6B5-4EBB-9576-935F1EF19090}.Release|Any CPU.Build.0 = Release|Any CPU
		{6D833146-AD02-4992-A8DE-9F7AB4B29D4E}.Debug|Any CPU.ActiveCfg = Debug|Any CPU
		{6D833146-AD02-4992-A8DE-9F7AB4B29D4E}.Debug|Any CPU.Build.0 = Debug|Any CPU
		{6D833146-AD02-4992-A8DE-9F7AB4B29D4E}.Release|Any CPU.ActiveCfg = Release|Any CPU
		{6D833146-AD02-4992-A8DE-9F7AB4B29D4E}.Release|Any CPU.Build.0 = Release|Any CPU
	EndGlobalSection
	GlobalSection(SolutionProperties) = preSolution
		HideSolutionNode = FALSE
	EndGlobalSection
	GlobalSection(NestedProjects) = preSolution
		{DDE9E40C-E908-4AA5-850F-9790E8F5FC50} = {AC511D6F-0840-4CD3-9742-A59D1D96A58E}
		{CF2300ED-573F-41A5-92AD-1A553CB08D5B} = {AC511D6F-0840-4CD3-9742-A59D1D96A58E}
		{D769E828-2856-4490-84A1-4C9C62F87346} = {AC511D6F-0840-4CD3-9742-A59D1D96A58E}
		{0131B581-7305-4210-B191-E8BECA510E0E} = {C9431956-04D1-4167-B292-4BDB7341B2DD}
		{7ED12363-60FF-4F95-82C2-460FFCFBF941} = {0131B581-7305-4210-B191-E8BECA510E0E}
		{5388E171-5570-4DE6-823C-936567BDC838} = {0131B581-7305-4210-B191-E8BECA510E0E}
		{3C3469E6-22B1-44DC-B711-CBE07648BD47} = {0131B581-7305-4210-B191-E8BECA510E0E}
		{7015A730-E4E4-413C-BB3A-B18C971B6800} = {0131B581-7305-4210-B191-E8BECA510E0E}
		{0FAFA3F5-ECAA-4DC2-ADB5-3756D0094215} = {0131B581-7305-4210-B191-E8BECA510E0E}
		{F3CF2736-CA4E-4947-9524-401E216916D6} = {508D3C0E-6026-47A8-89F2-7F5FFACE8FD0}
		{62C6F88E-5427-4BE0-B9C6-E16C14CC6C3A} = {DF30724C-2B08-433E-BD7E-B58727A54ED9}
		{13D6D757-B6B5-4EBB-9576-935F1EF19090} = {DF30724C-2B08-433E-BD7E-B58727A54ED9}
		{DF30724C-2B08-433E-BD7E-B58727A54ED9} = {19C75D7A-EABD-481B-AD19-C8E76A25A017}
		{508D3C0E-6026-47A8-89F2-7F5FFACE8FD0} = {19C75D7A-EABD-481B-AD19-C8E76A25A017}
		{6D833146-AD02-4992-A8DE-9F7AB4B29D4E} = {DF30724C-2B08-433E-BD7E-B58727A54ED9}
	EndGlobalSection
	GlobalSection(ExtensibilityGlobals) = postSolution
		VisualSVNWorkingCopyRoot = .
	EndGlobalSection
EndGlobal
